
Microsoft Visual Studio Solution File, Format Version 12.00
# Visual Studio Version 16
VisualStudioVersion = 16.0.30517.126
MinimumVisualStudioVersion = 10.0.40219.1
Project("{FAE04EC0-301F-11D3-BF4B-00C04F79EFBC}") = "ControleAluno", "ControleAluno.csproj", "{A5658891-6449-46E7-B587-EE606F96880B}"
EndProject
Global
	GlobalSection(SolutionConfigurationPlatforms) = preSolution
		Debug|Any CPU = Debug|Any CPU
		Release|Any CPU = Release|Any CPU
	EndGlobalSection
	GlobalSection(ProjectConfigurationPlatforms) = postSolution
		{A5658891-6449-46E7-B587-EE606F96880B}.Debug|Any CPU.ActiveCfg = Debug|Any CPU
		{A5658891-6449-46E7-B587-EE606F96880B}.Debug|Any CPU.Build.0 = Debug|Any CPU
		{A5658891-6449-46E7-B587-EE606F96880B}.Release|Any CPU.ActiveCfg = Release|Any CPU
		{A5658891-6449-46E7-B587-EE606F96880B}.Release|Any CPU.Build.0 = Release|Any CPU
	EndGlobalSection
	GlobalSection(SolutionProperties) = preSolution
		HideSolutionNode = FALSE
	EndGlobalSection
	GlobalSection(ExtensibilityGlobals) = postSolution
		SolutionGuid = {0EA48399-2136-4A2F-9F9C-EB802B597B1E}
	EndGlobalSection
EndGlobal
